
Microsoft Visual Studio Solution File, Format Version 12.00
# Visual Studio Version 17
VisualStudioVersion = 17.1.32421.90
MinimumVisualStudioVersion = 10.0.40219.1
Project("{9A19103F-16F7-4668-BE54-9A1E7A4F7556}") = "Produktverwaltung", "Produktverwaltung\Produktverwaltung.csproj", "{9389CC75-43D3-4ECE-9E74-CDA2B69DE80F}"
EndProject
Project("{9A19103F-16F7-4668-BE54-9A1E7A4F7556}") = "QueueTrigger", "..\QueueTrigger\QueueTrigger\QueueTrigger.csproj", "{629A1C4A-B3E9-4D24-8D02-E93BECDCF7BA}"
EndProject
Global
	GlobalSection(SolutionConfigurationPlatforms) = preSolution
		Debug|Any CPU = Debug|Any CPU
		Release|Any CPU = Release|Any CPU
	EndGlobalSection
	GlobalSection(ProjectConfigurationPlatforms) = postSolution
		{9389CC75-43D3-4ECE-9E74-CDA2B69DE80F}.Debug|Any CPU.ActiveCfg = Debug|Any CPU
		{9389CC75-43D3-4ECE-9E74-CDA2B69DE80F}.Debug|Any CPU.Build.0 = Debug|Any CPU
		{9389CC75-43D3-4ECE-9E74-CDA2B69DE80F}.Release|Any CPU.ActiveCfg = Release|Any CPU
		{9389CC75-43D3-4ECE-9E74-CDA2B69DE80F}.Release|Any CPU.Build.0 = Release|Any CPU
		{629A1C4A-B3E9-4D24-8D02-E93BECDCF7BA}.Debug|Any CPU.ActiveCfg = Debug|Any CPU
		{629A1C4A-B3E9-4D24-8D02-E93BECDCF7BA}.Debug|Any CPU.Build.0 = Debug|Any CPU
		{629A1C4A-B3E9-4D24-8D02-E93BECDCF7BA}.Release|Any CPU.ActiveCfg = Release|Any CPU
		{629A1C4A-B3E9-4D24-8D02-E93BECDCF7BA}.Release|Any CPU.Build.0 = Release|Any CPU
	EndGlobalSection
	GlobalSection(SolutionProperties) = preSolution
		HideSolutionNode = FALSE
	EndGlobalSection
	GlobalSection(ExtensibilityGlobals) = postSolution
		SolutionGuid = {B661C21E-7E01-449F-A44C-A1B27F49E3FE}
	EndGlobalSection
EndGlobal
